
Microsoft Visual Studio Solution File, Format Version 12.00
# Visual Studio 15
VisualStudioVersion = 15.0.27130.2026
MinimumVisualStudioVersion = 10.0.40219.1
Project("{FAE04EC0-301F-11D3-BF4B-00C04F79EFBC}") = "beatriz.bot.cantores", "beatriz.bot.cantores\beatriz.bot.cantores.csproj", "{2E8F78EE-AB4E-47FA-8E60-244ED3A22670}"
EndProject
Global
	GlobalSection(SolutionConfigurationPlatforms) = preSolution
		Debug|Any CPU = Debug|Any CPU
		Release|Any CPU = Release|Any CPU
	EndGlobalSection
	GlobalSection(ProjectConfigurationPlatforms) = postSolution
		{2E8F78EE-AB4E-47FA-8E60-244ED3A22670}.Debug|Any CPU.ActiveCfg = Debug|Any CPU
		{2E8F78EE-AB4E-47FA-8E60-244ED3A22670}.Debug|Any CPU.Build.0 = Debug|Any CPU
		{2E8F78EE-AB4E-47FA-8E60-244ED3A22670}.Release|Any CPU.ActiveCfg = Release|Any CPU
		{2E8F78EE-AB4E-47FA-8E60-244ED3A22670}.Release|Any CPU.Build.0 = Release|Any CPU
	EndGlobalSection
	GlobalSection(SolutionProperties) = preSolution
		HideSolutionNode = FALSE
	EndGlobalSection
	GlobalSection(ExtensibilityGlobals) = postSolution
		SolutionGuid = {8A9841CA-F6B0-471A-A2C0-97C7090C070F}
	EndGlobalSection
EndGlobal
